
Microsoft Visual Studio Solution File, Format Version 12.00
# Visual Studio 15
VisualStudioVersion = 15.0.27130.2027
MinimumVisualStudioVersion = 10.0.40219.1
Project("{FAE04EC0-301F-11D3-BF4B-00C04F79EFBC}") = "Mercedes-Benz.io Challenge", "Mercedes-Benz.io Challenge\Mercedes-Benz.io Challenge.csproj", "{75C5E9DF-7F88-4A58-8679-EE496D9C5AC2}"
EndProject
Project("{E53339B2-1760-4266-BCC7-CA923CBCF16C}") = "docker-compose", "docker-compose.dcproj", "{8A825217-783A-43E8-AC12-F749F2F80DCB}"
EndProject
Global
	GlobalSection(SolutionConfigurationPlatforms) = preSolution
		Debug|Any CPU = Debug|Any CPU
		Release|Any CPU = Release|Any CPU
	EndGlobalSection
	GlobalSection(ProjectConfigurationPlatforms) = postSolution
		{75C5E9DF-7F88-4A58-8679-EE496D9C5AC2}.Debug|Any CPU.ActiveCfg = Debug|Any CPU
		{75C5E9DF-7F88-4A58-8679-EE496D9C5AC2}.Debug|Any CPU.Build.0 = Debug|Any CPU
		{75C5E9DF-7F88-4A58-8679-EE496D9C5AC2}.Release|Any CPU.ActiveCfg = Release|Any CPU
		{75C5E9DF-7F88-4A58-8679-EE496D9C5AC2}.Release|Any CPU.Build.0 = Release|Any CPU
		{8A825217-783A-43E8-AC12-F749F2F80DCB}.Debug|Any CPU.ActiveCfg = Debug|Any CPU
		{8A825217-783A-43E8-AC12-F749F2F80DCB}.Debug|Any CPU.Build.0 = Debug|Any CPU
		{8A825217-783A-43E8-AC12-F749F2F80DCB}.Release|Any CPU.ActiveCfg = Release|Any CPU
		{8A825217-783A-43E8-AC12-F749F2F80DCB}.Release|Any CPU.Build.0 = Release|Any CPU
	EndGlobalSection
	GlobalSection(SolutionProperties) = preSolution
		HideSolutionNode = FALSE
	EndGlobalSection
	GlobalSection(ExtensibilityGlobals) = postSolution
		SolutionGuid = {E6434EE9-64D7-4EFE-91AA-06F21630BAB4}
	EndGlobalSection
EndGlobal
