
Microsoft Visual Studio Solution File, Format Version 12.00
# Visual Studio 15
VisualStudioVersion = 15.0.27130.2027
MinimumVisualStudioVersion = 10.0.40219.1
Project("{9A19103F-16F7-4668-BE54-9A1E7A4F7556}") = "Mercedes-Benz.io Challenge", "Mercedes-Benz.io Challenge\Mercedes-Benz.io Challenge.csproj", "{75C5E9DF-7F88-4A58-8679-EE496D9C5AC2}"
EndProject
Project("{9A19103F-16F7-4668-BE54-9A1E7A4F7556}") = "Domain", "Domain\Domain.csproj", "{4C8B02FC-018E-4C20-B0D5-551BC262F649}"
EndProject
Project("{9A19103F-16F7-4668-BE54-9A1E7A4F7556}") = "Unit Test", "Unit Test\Unit Test.csproj", "{CD1FC71E-AE8C-4987-8E2F-93A85062477C}"
EndProject
Project("{9A19103F-16F7-4668-BE54-9A1E7A4F7556}") = "MercedesManager", "Manager\MercedesManager.csproj", "{9F72243A-5E36-429F-8CB5-5EC16B3D163C}"
EndProject
Global
	GlobalSection(SolutionConfigurationPlatforms) = preSolution
		Debug|Any CPU = Debug|Any CPU
		Release|Any CPU = Release|Any CPU
	EndGlobalSection
	GlobalSection(ProjectConfigurationPlatforms) = postSolution
		{75C5E9DF-7F88-4A58-8679-EE496D9C5AC2}.Debug|Any CPU.ActiveCfg = Debug|Any CPU
		{75C5E9DF-7F88-4A58-8679-EE496D9C5AC2}.Debug|Any CPU.Build.0 = Debug|Any CPU
		{75C5E9DF-7F88-4A58-8679-EE496D9C5AC2}.Release|Any CPU.ActiveCfg = Release|Any CPU
		{75C5E9DF-7F88-4A58-8679-EE496D9C5AC2}.Release|Any CPU.Build.0 = Release|Any CPU
		{4C8B02FC-018E-4C20-B0D5-551BC262F649}.Debug|Any CPU.ActiveCfg = Debug|Any CPU
		{4C8B02FC-018E-4C20-B0D5-551BC262F649}.Debug|Any CPU.Build.0 = Debug|Any CPU
		{4C8B02FC-018E-4C20-B0D5-551BC262F649}.Release|Any CPU.ActiveCfg = Release|Any CPU
		{4C8B02FC-018E-4C20-B0D5-551BC262F649}.Release|Any CPU.Build.0 = Release|Any CPU
		{CD1FC71E-AE8C-4987-8E2F-93A85062477C}.Debug|Any CPU.ActiveCfg = Debug|Any CPU
		{CD1FC71E-AE8C-4987-8E2F-93A85062477C}.Debug|Any CPU.Build.0 = Debug|Any CPU
		{CD1FC71E-AE8C-4987-8E2F-93A85062477C}.Release|Any CPU.ActiveCfg = Release|Any CPU
		{CD1FC71E-AE8C-4987-8E2F-93A85062477C}.Release|Any CPU.Build.0 = Release|Any CPU
		{9F72243A-5E36-429F-8CB5-5EC16B3D163C}.Debug|Any CPU.ActiveCfg = Debug|Any CPU
		{9F72243A-5E36-429F-8CB5-5EC16B3D163C}.Debug|Any CPU.Build.0 = Debug|Any CPU
		{9F72243A-5E36-429F-8CB5-5EC16B3D163C}.Release|Any CPU.ActiveCfg = Release|Any CPU
		{9F72243A-5E36-429F-8CB5-5EC16B3D163C}.Release|Any CPU.Build.0 = Release|Any CPU
	EndGlobalSection
	GlobalSection(SolutionProperties) = preSolution
		HideSolutionNode = FALSE
	EndGlobalSection
	GlobalSection(ExtensibilityGlobals) = postSolution
		SolutionGuid = {E6434EE9-64D7-4EFE-91AA-06F21630BAB4}
	EndGlobalSection
EndGlobal
